{
  "nodes": {
    "nixpkgs": {
      "locked": {
        "lastModified": 1785571196,
        "narHash": "sha256-KoTsyMQqnXQZq8deCEnu4QkyldkwH/bpMMhUcfMdGIw=",
        "owner": "NixOS",
        "repo": "nixpkgs",
        "rev": "148bab9c1c3c53136ecb44a6ea356a0ed5b39b06",
        "type": "github"
      },
      "original": {
        "owner": "NixOS",
        "ref": "nixos-unstable",
        "repo": "nixpkgs",
        "type": "github"
      }
    },
    "root": {
      "inputs": {
        "nixpkgs": "nixpkgs",
        "twintail_x86_64": "twintail_x86_64"
      }
    },
    "twintail_x86_64": {
      "flake": false,
      "locked": {
        "narHash": "sha256-4OY+2X8N/0EuPUODDqOipmF4NfjezQ35IpYeMswBkOo=",
        "type": "file",
        "url": "https://github.com/TwintailTeam/TwintailLauncher/releases/download/ttl-v2.4.0/twintaillauncher_2.4.0_amd64.deb"
      },
      "original": {
        "type": "file",
        "url": "https://github.com/TwintailTeam/TwintailLauncher/releases/download/ttl-v2.4.0/twintaillauncher_2.4.0_amd64.deb"
      }
    }
  },
  "root": "root",
  "version": 7
}
