{
  "nodes": {
    "nixpkgs": {
      "locked": {
        "lastModified": 1788316716,
        "narHash": "sha256-bc7rSpXIdn9QWGNqfWcPZWOhEVF8NoeAZkWq0XWnf/k=",
        "owner": "NixOS",
        "repo": "nixpkgs",
        "rev": "3ed67ec0a4d3c7ab4ae1f04f8ee8df07bfa506a2",
        "type": "github"
      },
      "original": {
        "owner": "NixOS",
        "ref": "nixos-unstable",
        "repo": "nixpkgs",
        "type": "github"
      }
    },
    "root": {
      "inputs": {
        "nixpkgs": "nixpkgs",
        "twintail_x86_64": "twintail_x86_64"
      }
    },
    "twintail_x86_64": {
      "flake": false,
      "locked": {
        "narHash": "sha256-F3NgzyTx75hqfKaWqEQgpA3WIiJFl+148Xuq5gAkZ8s=",
        "type": "file",
        "url": "https://github.com/TwintailTeam/TwintailLauncher/releases/download/ttl-v2.5.0/twintaillauncher_2.5.0_amd64.deb"
      },
      "original": {
        "type": "file",
        "url": "https://github.com/TwintailTeam/TwintailLauncher/releases/download/ttl-v2.5.0/twintaillauncher_2.5.0_amd64.deb"
      }
    }
  },
  "root": "root",
  "version": 7
}
