{
  "nodes": {
    "nixpkgs": {
      "locked": {
        "lastModified": 1790578696,
        "narHash": "sha256-ZoxIApko70jCdbH3l20HWXOBaT2HZd87orzd2yJ9dVE=",
        "owner": "NixOS",
        "repo": "nixpkgs",
        "rev": "7a0f122f5090cf4c2ade2a13a0e229d4e19ba71f",
        "type": "github"
      },
      "original": {
        "owner": "NixOS",
        "ref": "nixos-unstable",
        "repo": "nixpkgs",
        "type": "github"
      }
    },
    "root": {
      "inputs": {
        "nixpkgs": "nixpkgs",
        "twintail_x86_64": "twintail_x86_64"
      }
    },
    "twintail_x86_64": {
      "flake": false,
      "locked": {
        "narHash": "sha256-TZMQyC0KbyGo3sYPeOyjW0jODF66hT636fb6dJSxwwA=",
        "type": "file",
        "url": "https://github.com/TwintailTeam/TwintailLauncher/releases/download/ttl-v2.5.1/twintaillauncher_2.5.1_amd64.deb"
      },
      "original": {
        "type": "file",
        "url": "https://github.com/TwintailTeam/TwintailLauncher/releases/download/ttl-v2.5.1/twintaillauncher_2.5.1_amd64.deb"
      }
    }
  },
  "root": "root",
  "version": 7
}
